
Microsoft Visual Studio Solution File, Format Version 12.00
# Visual Studio 15
VisualStudioVersion = 15.0.28307.489
MinimumVisualStudioVersion = 10.0.40219.1
Project("{9A19103F-16F7-4668-BE54-9A1E7A4F7556}") = "GraphDesignApp", "GraphDesignApp\GraphDesignApp.csproj", "{9511BF64-FB8A-4B9D-B593-C402B7300293}"
EndProject
Project("{FAE04EC0-301F-11D3-BF4B-00C04F79EFBC}") = "GraphicDesignUIApp", "GraphicDesignUIApp\GraphicDesignUIApp.csproj", "{08679AED-AAC8-4995-B2BF-02675B03D5A8}"
EndProject
Global
	GlobalSection(SolutionConfigurationPlatforms) = preSolution
		Debug|Any CPU = Debug|Any CPU
		Release|Any CPU = Release|Any CPU
	EndGlobalSection
	GlobalSection(ProjectConfigurationPlatforms) = postSolution
		{9511BF64-FB8A-4B9D-B593-C402B7300293}.Debug|Any CPU.ActiveCfg = Debug|Any CPU
		{9511BF64-FB8A-4B9D-B593-C402B7300293}.Debug|Any CPU.Build.0 = Debug|Any CPU
		{9511BF64-FB8A-4B9D-B593-C402B7300293}.Release|Any CPU.ActiveCfg = Release|Any CPU
		{9511BF64-FB8A-4B9D-B593-C402B7300293}.Release|Any CPU.Build.0 = Release|Any CPU
		{08679AED-AAC8-4995-B2BF-02675B03D5A8}.Debug|Any CPU.ActiveCfg = Debug|Any CPU
		{08679AED-AAC8-4995-B2BF-02675B03D5A8}.Debug|Any CPU.Build.0 = Debug|Any CPU
		{08679AED-AAC8-4995-B2BF-02675B03D5A8}.Release|Any CPU.ActiveCfg = Release|Any CPU
		{08679AED-AAC8-4995-B2BF-02675B03D5A8}.Release|Any CPU.Build.0 = Release|Any CPU
	EndGlobalSection
	GlobalSection(SolutionProperties) = preSolution
		HideSolutionNode = FALSE
	EndGlobalSection
	GlobalSection(ExtensibilityGlobals) = postSolution
		SolutionGuid = {05A40311-3CBB-4C2F-BF99-B81DFFF1D4E8}
	EndGlobalSection
EndGlobal
